
Microsoft Visual Studio Solution File, Format Version 12.00
# Visual Studio 15
VisualStudioVersion = 15.0.27130.2036
MinimumVisualStudioVersion = 10.0.40219.1
Project("{FAE04EC0-301F-11D3-BF4B-00C04F79EFBC}") = "FirstApp", "FirstApp\FirstApp.csproj", "{84635D22-5010-4687-839B-64412482EBBB}"
EndProject
Project("{FAE04EC0-301F-11D3-BF4B-00C04F79EFBC}") = "Movies.API", "Movies.API\Movies.API.csproj", "{01191B44-D6FD-4907-AC30-07057E42DF88}"
EndProject
Global
	GlobalSection(SolutionConfigurationPlatforms) = preSolution
		Debug|Any CPU = Debug|Any CPU
		Release|Any CPU = Release|Any CPU
	EndGlobalSection
	GlobalSection(ProjectConfigurationPlatforms) = postSolution
		{84635D22-5010-4687-839B-64412482EBBB}.Debug|Any CPU.ActiveCfg = Debug|Any CPU
		{84635D22-5010-4687-839B-64412482EBBB}.Debug|Any CPU.Build.0 = Debug|Any CPU
		{84635D22-5010-4687-839B-64412482EBBB}.Release|Any CPU.ActiveCfg = Release|Any CPU
		{84635D22-5010-4687-839B-64412482EBBB}.Release|Any CPU.Build.0 = Release|Any CPU
		{01191B44-D6FD-4907-AC30-07057E42DF88}.Debug|Any CPU.ActiveCfg = Debug|Any CPU
		{01191B44-D6FD-4907-AC30-07057E42DF88}.Debug|Any CPU.Build.0 = Debug|Any CPU
		{01191B44-D6FD-4907-AC30-07057E42DF88}.Release|Any CPU.ActiveCfg = Release|Any CPU
		{01191B44-D6FD-4907-AC30-07057E42DF88}.Release|Any CPU.Build.0 = Release|Any CPU
	EndGlobalSection
	GlobalSection(SolutionProperties) = preSolution
		HideSolutionNode = FALSE
	EndGlobalSection
	GlobalSection(ExtensibilityGlobals) = postSolution
		SolutionGuid = {BC536DBD-4BCD-40DF-8975-BC19488BFC62}
	EndGlobalSection
EndGlobal
